
Microsoft Visual Studio Solution File, Format Version 12.00
# Visual Studio Version 17
VisualStudioVersion = 17.8.34316.72
MinimumVisualStudioVersion = 10.0.40219.1
Project("{FAE04EC0-301F-11D3-BF4B-00C04F79EFBC}") = "rwwo.webapi.dapperuow", "rwwo.webapi.dapperuow\rwwo.webapi.dapperuow.csproj", "{EE3A6A66-C8FD-4A65-9555-B1516D3A62EE}"
EndProject
Global
	GlobalSection(SolutionConfigurationPlatforms) = preSolution
		Debug|Any CPU = Debug|Any CPU
		Release|Any CPU = Release|Any CPU
	EndGlobalSection
	GlobalSection(ProjectConfigurationPlatforms) = postSolution
		{EE3A6A66-C8FD-4A65-9555-B1516D3A62EE}.Debug|Any CPU.ActiveCfg = Debug|Any CPU
		{EE3A6A66-C8FD-4A65-9555-B1516D3A62EE}.Debug|Any CPU.Build.0 = Debug|Any CPU
		{EE3A6A66-C8FD-4A65-9555-B1516D3A62EE}.Release|Any CPU.ActiveCfg = Release|Any CPU
		{EE3A6A66-C8FD-4A65-9555-B1516D3A62EE}.Release|Any CPU.Build.0 = Release|Any CPU
	EndGlobalSection
	GlobalSection(SolutionProperties) = preSolution
		HideSolutionNode = FALSE
	EndGlobalSection
	GlobalSection(ExtensibilityGlobals) = postSolution
		SolutionGuid = {0BF9472B-CA9A-4D3E-8329-616D957EB277}
	EndGlobalSection
EndGlobal
